<?xml version="1.0" encoding="utf-8"?>
<Project ToolsVersion="4.0" xmlns="http://schemas.microsoft.com/developer/msbuild/2003">
  <ItemGroup>
    <Filter Include="Source Files">
      <UniqueIdentifier>{4FC737F1-C7A5-4376-A066-2A32D752A2FF}</UniqueIdentifier>
      <Extensions>cpp;c;cc;cxx;c++;cppm;ixx;def;odl;idl;hpj;bat;asm;asmx</Extensions>
    </Filter>
    <Filter Include="Header Files">
      <UniqueIdentifier>{93995380-89BD-4b04-88EB-625FBE52EBFB}</UniqueIdentifier>
      <Extensions>h;hh;hpp;hxx;h++;hm;inl;inc;ipp;xsd</Extensions>
    </Filter>
    <Filter Include="Resource Files">
      <UniqueIdentifier>{67DA6AB6-F800-4c08-8B7A-83BB121AAD01}</UniqueIdentifier>
      <Extensions>rc;ico;cur;bmp;dlg;rc2;rct;bin;rgs;gif;jpg;jpeg;jpe;resx;tiff;tif;png;wav;mfcribbon-ms</Extensions>
    </Filter>
    <Filter Include="Header Files\Animation">
      <UniqueIdentifier>{9453aec0-63c5-4d32-b6f6-a5d5b5527c07}</UniqueIdentifier>
    </Filter>
    <Filter Include="Header Files\Object">
      <UniqueIdentifier>{d006abe9-d56e-40b5-a39b-0e0d393100b8}</UniqueIdentifier>
    </Filter>
    <Filter Include="Header Files\Object\Enemies">
      <UniqueIdentifier>{27242ada-7593-4af8-99fe-195c26d2cdd9}</UniqueIdentifier>
    </Filter>
    <Filter Include="Header Files\Object\Items">
      <UniqueIdentifier>{e6112972-724a-43c5-bf94-9ef2bc576ad4}</UniqueIdentifier>
    </Filter>
    <Filter Include="Header Files\Object\Player">
      <UniqueIdentifier>{d024c398-eb99-47db-9307-75b3f21ed26a}</UniqueIdentifier>
    </Filter>
    <Filter Include="Header Files\Object\Platforms">
      <UniqueIdentifier>{5003917d-63ea-4d4e-ac96-212a8ff156ca}</UniqueIdentifier>
    </Filter>
  </ItemGroup>
  <ItemGroup>
    <None Include="packages.config" />
  </ItemGroup>
  <ItemGroup>
    <ClCompile Include="Collision.cpp">
      <Filter>Source Files</Filter>
    </ClCompile>
    <ClCompile Include="debug.cpp">
      <Filter>Source Files</Filter>
    </ClCompile>
    <ClCompile Include="Game.cpp">
      <Filter>Source Files</Filter>
    </ClCompile>
    <ClCompile Include="GameObject.cpp">
      <Filter>Source Files</Filter>
    </ClCompile>
    <ClCompile Include="main.cpp">
      <Filter>Source Files</Filter>
    </ClCompile>
    <ClCompile Include="PlayScene.cpp">
      <Filter>Source Files</Filter>
    </ClCompile>
    <ClCompile Include="Portal.cpp">
      <Filter>Source Files</Filter>
    </ClCompile>
    <ClCompile Include="SampleKeyEventHandler.cpp">
      <Filter>Source Files</Filter>
    </ClCompile>
    <ClCompile Include="Utils.cpp">
      <Filter>Source Files</Filter>
    </ClCompile>
    <ClCompile Include="Coin.cpp">
      <Filter>Header Files\Object\Items</Filter>
    </ClCompile>
    <ClCompile Include="Textures.cpp">
      <Filter>Header Files\Animation</Filter>
    </ClCompile>
    <ClCompile Include="Sprites.cpp">
      <Filter>Header Files\Animation</Filter>
    </ClCompile>
    <ClCompile Include="Sprite.cpp">
      <Filter>Header Files\Animation</Filter>
    </ClCompile>
    <ClCompile Include="Animation.cpp">
      <Filter>Header Files\Animation</Filter>
    </ClCompile>
    <ClCompile Include="Animations.cpp">
      <Filter>Header Files\Animation</Filter>
    </ClCompile>
    <ClCompile Include="Goomba.cpp">
      <Filter>Header Files\Object\Enemies</Filter>
    </ClCompile>
    <ClCompile Include="Mario.cpp">
      <Filter>Header Files\Object\Player</Filter>
    </ClCompile>
    <ClCompile Include="Brick.cpp">
      <Filter>Header Files\Object\Platforms</Filter>
    </ClCompile>
    <ClCompile Include="Platform.cpp">
      <Filter>Header Files\Object\Platforms</Filter>
    </ClCompile>
    <ClCompile Include="QuestionBrick.cpp">
      <Filter>Header Files\Object\Platforms</Filter>
    </ClCompile>
    <ClCompile Include="MushRoom.cpp">
      <Filter>Header Files\Object\Items</Filter>
    </ClCompile>
  </ItemGroup>
  <ItemGroup>
    <ClInclude Include="AssetIDs.h">
      <Filter>Header Files</Filter>
    </ClInclude>
    <ClInclude Include="Collision.h">
      <Filter>Header Files</Filter>
    </ClInclude>
    <ClInclude Include="debug.h">
      <Filter>Header Files</Filter>
    </ClInclude>
    <ClInclude Include="Game.h">
      <Filter>Header Files</Filter>
    </ClInclude>
    <ClInclude Include="GameObject.h">
      <Filter>Header Files</Filter>
    </ClInclude>
    <ClInclude Include="KeyEventHandler.h">
      <Filter>Header Files</Filter>
    </ClInclude>
    <ClInclude Include="PlayScene.h">
      <Filter>Header Files</Filter>
    </ClInclude>
    <ClInclude Include="Portal.h">
      <Filter>Header Files</Filter>
    </ClInclude>
    <ClInclude Include="SampleKeyEventHandler.h">
      <Filter>Header Files</Filter>
    </ClInclude>
    <ClInclude Include="Scene.h">
      <Filter>Header Files</Filter>
    </ClInclude>
    <ClInclude Include="Utils.h">
      <Filter>Header Files</Filter>
    </ClInclude>
    <ClInclude Include="Animation.h">
      <Filter>Header Files\Animation</Filter>
    </ClInclude>
    <ClInclude Include="Animations.h">
      <Filter>Header Files\Animation</Filter>
    </ClInclude>
    <ClInclude Include="AnimationFrame.h">
      <Filter>Header Files\Animation</Filter>
    </ClInclude>
    <ClInclude Include="Texture.h">
      <Filter>Header Files\Animation</Filter>
    </ClInclude>
    <ClInclude Include="Textures.h">
      <Filter>Header Files\Animation</Filter>
    </ClInclude>
    <ClInclude Include="Sprite.h">
      <Filter>Header Files\Animation</Filter>
    </ClInclude>
    <ClInclude Include="Sprites.h">
      <Filter>Header Files\Animation</Filter>
    </ClInclude>
    <ClInclude Include="Coin.h">
      <Filter>Header Files\Object\Items</Filter>
    </ClInclude>
    <ClInclude Include="Goomba.h">
      <Filter>Header Files\Object\Enemies</Filter>
    </ClInclude>
    <ClInclude Include="Mario.h">
      <Filter>Header Files\Object\Player</Filter>
    </ClInclude>
    <ClInclude Include="Brick.h">
      <Filter>Header Files\Object\Platforms</Filter>
    </ClInclude>
    <ClInclude Include="Platform.h">
      <Filter>Header Files\Object\Platforms</Filter>
    </ClInclude>
    <ClInclude Include="QuestionBrick.h">
      <Filter>Header Files\Object\Platforms</Filter>
    </ClInclude>
    <ClInclude Include="MushRoom.h">
      <Filter>Header Files\Object\Items</Filter>
    </ClInclude>
  </ItemGroup>
</Project>